
Microsoft Visual Studio Solution File, Format Version 12.00
# Visual Studio Version 16
VisualStudioVersion = 16.0.30011.22
MinimumVisualStudioVersion = 10.0.40219.1
Project("{FAE04EC0-301F-11D3-BF4B-00C04F79EFBC}") = "UnityContainerDemo", "UnityContainerDemo.csproj", "{DEDE46F2-9EB9-41C7-8B4A-38C3631CF925}"
EndProject
Global
	GlobalSection(SolutionConfigurationPlatforms) = preSolution
		Debug|Any CPU = Debug|Any CPU
		Release|Any CPU = Release|Any CPU
	EndGlobalSection
	GlobalSection(ProjectConfigurationPlatforms) = postSolution
		{DEDE46F2-9EB9-41C7-8B4A-38C3631CF925}.Debug|Any CPU.ActiveCfg = Debug|Any CPU
		{DEDE46F2-9EB9-41C7-8B4A-38C3631CF925}.Debug|Any CPU.Build.0 = Debug|Any CPU
		{DEDE46F2-9EB9-41C7-8B4A-38C3631CF925}.Release|Any CPU.ActiveCfg = Release|Any CPU
		{DEDE46F2-9EB9-41C7-8B4A-38C3631CF925}.Release|Any CPU.Build.0 = Release|Any CPU
	EndGlobalSection
	GlobalSection(SolutionProperties) = preSolution
		HideSolutionNode = FALSE
	EndGlobalSection
	GlobalSection(ExtensibilityGlobals) = postSolution
		SolutionGuid = {EDF7831C-FBF6-409B-B06D-997F7766B3B0}
	EndGlobalSection
EndGlobal
